Microsoft Visual Studio Solution File, Format Version 12.00
# Visual Studio Version 17
VisualStudioVersion = 17.5.2.0
MinimumVisualStudioVersion = 10.0.40219.1
Project("{FAE04EC0-301F-11D3-BF4B-00C04F79EFBC}") = "Investigation-Project-API", "Investigation-Project-API.csproj", "{8C816EE7-1464-D3EB-09E1-F28CCBCE0AE9}"
EndProject
Global
	GlobalSection(SolutionConfigurationPlatforms) = preSolution
		Debug|Any CPU = Debug|Any CPU
		Release|Any CPU = Release|Any CPU
	EndGlobalSection
	GlobalSection(ProjectConfigurationPlatforms) = postSolution
		{8C816EE7-1464-D3EB-09E1-F28CCBCE0AE9}.Debug|Any CPU.ActiveCfg = Debug|Any CPU
		{8C816EE7-1464-D3EB-09E1-F28CCBCE0AE9}.Debug|Any CPU.Build.0 = Debug|Any CPU
		{8C816EE7-1464-D3EB-09E1-F28CCBCE0AE9}.Release|Any CPU.ActiveCfg = Release|Any CPU
		{8C816EE7-1464-D3EB-09E1-F28CCBCE0AE9}.Release|Any CPU.Build.0 = Release|Any CPU
	EndGlobalSection
	GlobalSection(SolutionProperties) = preSolution
		HideSolutionNode = FALSE
	EndGlobalSection
	GlobalSection(ExtensibilityGlobals) = postSolution
		SolutionGuid = {8983D997-1595-4240-87E8-DC8F65043FA4}
	EndGlobalSection
EndGlobal
